// !$*UTF8*$!
{
	archiveVersion = 1;
	classes = {
	};
	objectVersion = 50;
	objects = {

/* Begin PBXBuildFile section */
		0CA66DE821FE09E200F05D75 /* AppDelegate.m in Sources */ = {isa = PBXBuildFile; fileRef = 0CA66DE721FE09E200F05D75 /* AppDelegate.m */; };
		0CA66DEB21FE09E200F05D75 /* ViewController.m in Sources */ = {isa = PBXBuildFile; fileRef = 0CA66DEA21FE09E200F05D75 /* ViewController.m */; };
		0CA66DED21FE09E300F05D75 /* Assets.xcassets in Resources */ = {isa = PBXBuildFile; fileRef = 0CA66DEC21FE09E300F05D75 /* Assets.xcassets */; };
		0CA66DF021FE09E300F05D75 /* Main.storyboard in Resources */ = {isa = PBXBuildFile; fileRef = 0CA66DEE21FE09E300F05D75 /* Main.storyboard */; };
		0CA66DF321FE09E300F05D75 /* main.m in Sources */ = {isa = PBXBuildFile; fileRef = 0CA66DF221FE09E300F05D75 /* main.m */; };
		0CA66DFF21FE1F6100F05D75 /* ffmpeg in Resources */ = {isa = PBXBuildFile; fileRef = 0CA66DFE21FE1F6100F05D75 /* ffmpeg */; };
/* End PBXBuildFile section */

/* Begin PBXFileReference section */
		0CA66DE321FE09E200F05D75 /* BlurVideo.app */ = {isa = PBXFileReference; explicitFileType = wrapper.application; includeInIndex = 0; path = BlurVideo.app; sourceTree = BUILT_PRODUCTS_DIR; };
		0CA66DE621FE09E200F05D75 /* AppDelegate.h */ = {isa = PBXFileReference; lastKnownFileType = sourcecode.c.h; path = AppDelegate.h; sourceTree = "<group>"; };
		0CA66DE721FE09E200F05D75 /* AppDelegate.m */ = {isa = PBXFileReference; lastKnownFileType = sourcecode.c.objc; path = AppDelegate.m; sourceTree = "<group>"; };
		0CA66DE921FE09E200F05D75 /* ViewController.h */ = {isa = PBXFileReference; lastKnownFileType = sourcecode.c.h; path = ViewController.h; sourceTree = "<group>"; };
		0CA66DEA21FE09E200F05D75 /* ViewController.m */ = {isa = PBXFileReference; lastKnownFileType = sourcecode.c.objc; path = ViewController.m; sourceTree = "<group>"; };
		0CA66DEC21FE09E300F05D75 /* Assets.xcassets */ = {isa = PBXFileReference; lastKnownFileType = folder.assetcatalog; path = Assets.xcassets; sourceTree = "<group>"; };
		0CA66DEF21FE09E300F05D75 /* Base */ = {isa = PBXFileReference; lastKnownFileType = file.storyboard; name = Base; path = Base.lproj/Main.storyboard; sourceTree = "<group>"; };
		0CA66DF121FE09E300F05D75 /* Info.plist */ = {isa = PBXFileReference; lastKnownFileType = text.plist.xml; path = Info.plist; sourceTree = "<group>"; };
		0CA66DF221FE09E300F05D75 /* main.m */ = {isa = PBXFileReference; lastKnownFileType = sourcecode.c.objc; path = main.m; sourceTree = "<group>"; };
		0CA66DF421FE09E300F05D75 /* BlurVideo.entitlements */ = {isa = PBXFileReference; lastKnownFileType = text.plist.entitlements; path = BlurVideo.entitlements; sourceTree = "<group>"; };
		0CA66DFE21FE1F6100F05D75 /* ffmpeg */ = {isa = PBXFileReference; lastKnownFileType = "compiled.mach-o.executable"; path = ffmpeg; sourceTree = "<group>"; };
/* End PBXFileReference section */

/* Begin PBXFrameworksBuildPhase section */
		0CA66DE021FE09E200F05D75 /* Frameworks */ = {
			isa = PBXFrameworksBuildPhase;
			buildActionMask = 2147483647;
			files = (
			);
			runOnlyForDeploymentPostprocessing = 0;
		};
/* End PBXFrameworksBuildPhase section */

/* Begin PBXGroup section */
		0CA66DDA21FE09E200F05D75 = {
			isa = PBXGroup;
			children = (
				0CA66DE521FE09E200F05D75 /* BlurVideo */,
				0CA66DE421FE09E200F05D75 /* Products */,
			);
			sourceTree = "<group>";
		};
		0CA66DE421FE09E200F05D75 /* Products */ = {
			isa = PBXGroup;
			children = (
				0CA66DE321FE09E200F05D75 /* BlurVideo.app */,
			);
			name = Products;
			sourceTree = "<group>";
		};
		0CA66DE521FE09E200F05D75 /* BlurVideo */ = {
			isa = PBXGroup;
			children = (
				0CA66DFE21FE1F6100F05D75 /* ffmpeg */,
				0CA66DE621FE09E200F05D75 /* AppDelegate.h */,
				0CA66DE721FE09E200F05D75 /* AppDelegate.m */,
				0CA66DE921FE09E200F05D75 /* ViewController.h */,
				0CA66DEA21FE09E200F05D75 /* ViewController.m */,
				0CA66DEC21FE09E300F05D75 /* Assets.xcassets */,
				0CA66DEE21FE09E300F05D75 /* Main.storyboard */,
				0CA66DF121FE09E300F05D75 /* Info.plist */,
				0CA66DF221FE09E300F05D75 /* main.m */,
				0CA66DF421FE09E300F05D75 /* BlurVideo.entitlements */,
			);
			path = BlurVideo;
			sourceTree = "<group>";
		};
/* End PBXGroup section */

/* Begin PBXNativeTarget section */
		0CA66DE221FE09E200F05D75 /* BlurVideo */ = {
			isa = PBXNativeTarget;
			buildConfigurationList = 0CA66DF721FE09E300F05D75 /* Build configuration list for PBXNativeTarget "BlurVideo" */;
			buildPhases = (
				0CA66DDF21FE09E200F05D75 /* Sources */,
				0CA66DE021FE09E200F05D75 /* Frameworks */,
				0CA66DE121FE09E200F05D75 /* Resources */,
			);
			buildRules = (
			);
			dependencies = (
			);
			name = BlurVideo;
			productName = BlurVideo;
			productReference = 0CA66DE321FE09E200F05D75 /* BlurVideo.app */;
			productType = "com.apple.product-type.application";
		};
/* End PBXNativeTarget section */

/* Begin PBXProject section */
		0CA66DDB21FE09E200F05D75 /* Project object */ = {
			isa = PBXProject;
			attributes = {
				LastUpgradeCheck = 1010;
				ORGANIZATIONNAME = "刘东旭";
				TargetAttributes = {
					0CA66DE221FE09E200F05D75 = {
						CreatedOnToolsVersion = 10.1;
					};
				};
			};
			buildConfigurationList = 0CA66DDE21FE09E200F05D75 /* Build configuration list for PBXProject "BlurVideo" */;
			compatibilityVersion = "Xcode 9.3";
			developmentRegion = en;
			hasScannedForEncodings = 0;
			knownRegions = (
				en,
				Base,
			);
			mainGroup = 0CA66DDA21FE09E200F05D75;
			productRefGroup = 0CA66DE421FE09E200F05D75 /* Products */;
			projectDirPath = "";
			projectRoot = "";
			targets = (
				0CA66DE221FE09E200F05D75 /* BlurVideo */,
			);
		};
/* End PBXProject section */

/* Begin PBXResourcesBuildPhase section */
		0CA66DE121FE09E200F05D75 /* Resources */ = {
			isa = PBXResourcesBuildPhase;
			buildActionMask = 2147483647;
			files = (
				0CA66DED21FE09E300F05D75 /* Assets.xcassets in Resources */,
				0CA66DFF21FE1F6100F05D75 /* ffmpeg in Resources */,
				0CA66DF021FE09E300F05D75 /* Main.storyboard in Resources */,
			);
			runOnlyForDeploymentPostprocessing = 0;
		};
/* End PBXResourcesBuildPhase section */

/* Begin PBXSourcesBuildPhase section */
		0CA66DDF21FE09E200F05D75 /* Sources */ = {
			isa = PBXSourcesBuildPhase;
			buildActionMask = 2147483647;
			files = (
				0CA66DEB21FE09E200F05D75 /* ViewController.m in Sources */,
				0CA66DF321FE09E300F05D75 /* main.m in Sources */,
				0CA66DE821FE09E200F05D75 /* AppDelegate.m in Sources */,
			);
			runOnlyForDeploymentPostprocessing = 0;
		};
/* End PBXSourcesBuildPhase section */

/* Begin PBXVariantGroup section */
		0CA66DEE21FE09E300F05D75 /* Main.storyboard */ = {
			isa = PBXVariantGroup;
			children = (
				0CA66DEF21FE09E300F05D75 /* Base */,
			);
			name = Main.storyboard;
			sourceTree = "<group>";
		};
/* End PBXVariantGroup section */

/* Begin XCBuildConfiguration section */
		0CA66DF521FE09E300F05D75 /* Debug */ = {
			isa = XCBuildConfiguration;
			buildSettings = {
				ALWAYS_SEARCH_USER_PATHS = NO;
				CLANG_ANALYZER_NONNULL = YES;
				CLANG_ANALYZER_NUMBER_OBJECT_CONVERSION = YES_AGGRESSIVE;
				CLANG_CXX_LANGUAGE_STANDARD = "gnu++14";
				CLANG_CXX_LIBRARY = "libc++";
				CLANG_ENABLE_MODULES = YES;
				CLANG_ENABLE_OBJC_ARC = YES;
				CLANG_ENABLE_OBJC_WEAK = YES;
				CLANG_WARN_BLOCK_CAPTURE_AUTORELEASING = YES;
				CLANG_WARN_BOOL_CONVERSION = YES;
				CLANG_WARN_COMMA = YES;
				CLANG_WARN_CONSTANT_CONVERSION = YES;
				CLANG_WARN_DEPRECATED_OBJC_IMPLEMENTATIONS = YES;
				CLANG_WARN_DIRECT_OBJC_ISA_USAGE = YES_ERROR;
				CLANG_WARN_DOCUMENTATION_COMMENTS = YES;
				CLANG_WARN_EMPTY_BODY = YES;
				CLANG_WARN_ENUM_CONVERSION = YES;
				CLANG_WARN_INFINITE_RECURSION = YES;
				CLANG_WARN_INT_CONVERSION = YES;
				CLANG_WARN_NON_LITERAL_NULL_CONVERSION = YES;
				CLANG_WARN_OBJC_IMPLICIT_RETAIN_SELF = YES;
				CLANG_WARN_OBJC_LITERAL_CONVERSION = YES;
				CLANG_WARN_OBJC_ROOT_CLASS = YES_ERROR;
				CLANG_WARN_RANGE_LOOP_ANALYSIS = YES;
				CLANG_WARN_STRICT_PROTOTYPES = YES;
				CLANG_WARN_SUSPICIOUS_MOVE = YES;
				CLANG_WARN_UNGUARDED_AVAILABILITY = YES_AGGRESSIVE;
				CLANG_WARN_UNREACHABLE_CODE = YES;
				CLANG_WARN__DUPLICATE_METHOD_MATCH = YES;
				CODE_SIGN_IDENTITY = "Mac Developer";
				COPY_PHASE_STRIP = NO;
				DEBUG_INFORMATION_FORMAT = dwarf;
				ENABLE_STRICT_OBJC_MSGSEND = YES;
				ENABLE_TESTABILITY = YES;
				GCC_C_LANGUAGE_STANDARD = gnu11;
				GCC_DYNAMIC_NO_PIC = NO;
				GCC_NO_COMMON_BLOCKS = YES;
				GCC_OPTIMIZATION_LEVEL = 0;
				GCC_PREPROCESSOR_DEFINITIONS = (
					"DEBUG=1",
					"$(inherited)",
				);
				GCC_WARN_64_TO_32_BIT_CONVERSION = YES;
				GCC_WARN_ABOUT_RETURN_TYPE = YES_ERROR;
				GCC_WARN_UNDECLARED_SELECTOR = YES;
				GCC_WARN_UNINITIALIZED_AUTOS = YES_AGGRESSIVE;
				GCC_WARN_UNUSED_FUNCTION = YES;
				GCC_WARN_UNUSED_VARIABLE = YES;
				MACOSX_DEPLOYMENT_TARGET = 10.13;
				MTL_ENABLE_DEBUG_INFO = INCLUDE_SOURCE;
				MTL_FAST_MATH = YES;
				ONLY_ACTIVE_ARCH = YES;
				SDKROOT = macosx;
			};
			name = Debug;
		};
		0CA66DF621FE09E300F05D75 /* Release */ = {
			isa = XCBuildConfiguration;
			buildSettings = {
				ALWAYS_SEARCH_USER_PATHS = NO;
				CLANG_ANALYZER_NONNULL = YES;
				CLANG_ANALYZER_NUMBER_OBJECT_CONVERSION = YES_AGGRESSIVE;
				CLANG_CXX_LANGUAGE_STANDARD = "gnu++14";
				CLANG_CXX_LIBRARY = "libc++";
				CLANG_ENABLE_MODULES = YES;
				CLANG_ENABLE_OBJC_ARC = YES;
				CLANG_ENABLE_OBJC_WEAK = YES;
				CLANG_WARN_BLOCK_CAPTURE_AUTORELEASING = YES;
				CLANG_WARN_BOOL_CONVERSION = YES;
				CLANG_WARN_COMMA = YES;
				CLANG_WARN_CONSTANT_CONVERSION = YES;
				CLANG_WARN_DEPRECATED_OBJC_IMPLEMENTATIONS = YES;
				CLANG_WARN_DIRECT_OBJC_ISA_USAGE = YES_ERROR;
				CLANG_WARN_DOCUMENTATION_COMMENTS = YES;
				CLANG_WARN_EMPTY_BODY = YES;
				CLANG_WARN_ENUM_CONVERSION = YES;
				CLANG_WARN_INFINITE_RECURSION = YES;
				CLANG_WARN_INT_CONVERSION = YES;
				CLANG_WARN_NON_LITERAL_NULL_CONVERSION = YES;
				CLANG_WARN_OBJC_IMPLICIT_RETAIN_SELF = YES;
				CLANG_WARN_OBJC_LITERAL_CONVERSION = YES;
				CLANG_WARN_OBJC_ROOT_CLASS = YES_ERROR;
				CLANG_WARN_RANGE_LOOP_ANALYSIS = YES;
				CLANG_WARN_STRICT_PROTOTYPES = YES;
				CLANG_WARN_SUSPICIOUS_MOVE = YES;
				CLANG_WARN_UNGUARDED_AVAILABILITY = YES_AGGRESSIVE;
				CLANG_WARN_UNREACHABLE_CODE = YES;
				CLANG_WARN__DUPLICATE_METHOD_MATCH = YES;
				CODE_SIGN_IDENTITY = "Mac Developer";
				COPY_PHASE_STRIP = NO;
				DEBUG_INFORMATION_FORMAT = "dwarf-with-dsym";
				ENABLE_NS_ASSERTIONS = NO;
				ENABLE_STRICT_OBJC_MSGSEND = YES;
				GCC_C_LANGUAGE_STANDARD = gnu11;
				GCC_NO_COMMON_BLOCKS = YES;
				GCC_WARN_64_TO_32_BIT_CONVERSION = YES;
				GCC_WARN_ABOUT_RETURN_TYPE = YES_ERROR;
				GCC_WARN_UNDECLARED_SELECTOR = YES;
				GCC_WARN_UNINITIALIZED_AUTOS = YES_AGGRESSIVE;
				GCC_WARN_UNUSED_FUNCTION = YES;
				GCC_WARN_UNUSED_VARIABLE = YES;
				MACOSX_DEPLOYMENT_TARGET = 10.13;
				MTL_ENABLE_DEBUG_INFO = NO;
				MTL_FAST_MATH = YES;
				SDKROOT = macosx;
			};
			name = Release;
		};
		0CA66DF821FE09E300F05D75 /* Debug */ = {
			isa = XCBuildConfiguration;
			buildSettings = {
				ASSETCATALOG_COMPILER_APPICON_NAME = AppIcon;
				CODE_SIGN_ENTITLEMENTS = BlurVideo/BlurVideo.entitlements;
				CODE_SIGN_STYLE = Automatic;
				COMBINE_HIDPI_IMAGES = YES;
				DEVELOPMENT_TEAM = Z5E3E2D8FE;
				INFOPLIST_FILE = BlurVideo/Info.plist;
				LD_RUNPATH_SEARCH_PATHS = (
					"$(inherited)",
					"@executable_path/../Frameworks",
				);
				PRODUCT_BUNDLE_IDENTIFIER = com.liudongxu.BlurVideo;
				PRODUCT_NAME = "$(TARGET_NAME)";
			};
			name = Debug;
		};
		0CA66DF921FE09E300F05D75 /* Release */ = {
			isa = XCBuildConfiguration;
			buildSettings = {
				ASSETCATALOG_COMPILER_APPICON_NAME = AppIcon;
				CODE_SIGN_ENTITLEMENTS = BlurVideo/BlurVideo.entitlements;
				CODE_SIGN_STYLE = Automatic;
				COMBINE_HIDPI_IMAGES = YES;
				DEVELOPMENT_TEAM = Z5E3E2D8FE;
				INFOPLIST_FILE = BlurVideo/Info.plist;
				LD_RUNPATH_SEARCH_PATHS = (
					"$(inherited)",
					"@executable_path/../Frameworks",
				);
				PRODUCT_BUNDLE_IDENTIFIER = com.liudongxu.BlurVideo;
				PRODUCT_NAME = "$(TARGET_NAME)";
			};
			name = Release;
		};
/* End XCBuildConfiguration section */

/* Begin XCConfigurationList section */
		0CA66DDE21FE09E200F05D75 /* Build configuration list for PBXProject "BlurVideo" */ = {
			isa = XCConfigurationList;
			buildConfigurations = (
				0CA66DF521FE09E300F05D75 /* Debug */,
				0CA66DF621FE09E300F05D75 /* Release */,
			);
			defaultConfigurationIsVisible = 0;
			defaultConfigurationName = Release;
		};
		0CA66DF721FE09E300F05D75 /* Build configuration list for PBXNativeTarget "BlurVideo" */ = {
			isa = XCConfigurationList;
			buildConfigurations = (
				0CA66DF821FE09E300F05D75 /* Debug */,
				0CA66DF921FE09E300F05D75 /* Release */,
			);
			defaultConfigurationIsVisible = 0;
			defaultConfigurationName = Release;
		};
/* End XCConfigurationList section */
	};
	rootObject = 0CA66DDB21FE09E200F05D75 /* Project object */;
}
